
Microsoft Visual Studio Solution File, Format Version 12.00
# Visual Studio Version 17
VisualStudioVersion = 17.14.36301.6 d17.14
MinimumVisualStudioVersion = 10.0.40219.1
Project("{FAE04EC0-301F-11D3-BF4B-00C04F79EFBC}") = "HmsNet", "HmsNet\HmsNet.csproj", "{E88933B8-88BA-4B19-B8A9-E8BD8C182572}"
EndProject
Project("{FAE04EC0-301F-11D3-BF4B-00C04F79EFBC}") = "HmsNet.UI", "HmsNet.UI\HmsNet.UI.csproj", "{4374CF10-C0C9-471D-8E11-5A89FA623FC2}"
EndProject
Global
	GlobalSection(SolutionConfigurationPlatforms) = preSolution
		Debug|Any CPU = Debug|Any CPU
		Release|Any CPU = Release|Any CPU
	EndGlobalSection
	GlobalSection(ProjectConfigurationPlatforms) = postSolution
		{E88933B8-88BA-4B19-B8A9-E8BD8C182572}.Debug|Any CPU.ActiveCfg = Debug|Any CPU
		{E88933B8-88BA-4B19-B8A9-E8BD8C182572}.Debug|Any CPU.Build.0 = Debug|Any CPU
		{E88933B8-88BA-4B19-B8A9-E8BD8C182572}.Release|Any CPU.ActiveCfg = Release|Any CPU
		{E88933B8-88BA-4B19-B8A9-E8BD8C182572}.Release|Any CPU.Build.0 = Release|Any CPU
		{4374CF10-C0C9-471D-8E11-5A89FA623FC2}.Debug|Any CPU.ActiveCfg = Debug|Any CPU
		{4374CF10-C0C9-471D-8E11-5A89FA623FC2}.Debug|Any CPU.Build.0 = Debug|Any CPU
		{4374CF10-C0C9-471D-8E11-5A89FA623FC2}.Release|Any CPU.ActiveCfg = Release|Any CPU
		{4374CF10-C0C9-471D-8E11-5A89FA623FC2}.Release|Any CPU.Build.0 = Release|Any CPU
	EndGlobalSection
	GlobalSection(SolutionProperties) = preSolution
		HideSolutionNode = FALSE
	EndGlobalSection
	GlobalSection(ExtensibilityGlobals) = postSolution
		SolutionGuid = {2B33310A-918C-478A-9506-25268916DEAA}
	EndGlobalSection
EndGlobal
